{
  "name": "js_tutorial",
  "lockfileVersion": 3,
  "requires": true,
  "packages": {
    "": {
      "dependencies": {
        "swg01-palindrome": "^0.1.0"
      }
    },
    "node_modules/swg01-palindrome": {
      "version": "0.1.0",
      "resolved": "https://registry.npmjs.org/swg01-palindrome/-/swg01-palindrome-0.1.0.tgz",
      "integrity": "sha512-yYKb4UhR2rCCSKUBbDwkzaoEYUS1BEVaxjISciWzXEpeWGJvYPAIprnX5+GfGN9Mai2u9ZMdzQZGBJAhwT8ehQ=="
    }
  }
}
